
Microsoft Visual Studio Solution File, Format Version 12.00
# Visual Studio 15
VisualStudioVersion = 15.0.28307.102
MinimumVisualStudioVersion = 10.0.40219.1
Project("{FAE04EC0-301F-11D3-BF4B-00C04F79EFBC}") = "APIApp.Android", "APIApp\APIApp.Android\APIApp.Android.csproj", "{78357950-690D-45A3-A28B-13CFEB0F0ACC}"
EndProject
Project("{FAE04EC0-301F-11D3-BF4B-00C04F79EFBC}") = "APIApp.iOS", "APIApp\APIApp.iOS\APIApp.iOS.csproj", "{92AC92C3-6A2E-431B-80B4-0FCC037BD27B}"
EndProject
Project("{FAE04EC0-301F-11D3-BF4B-00C04F79EFBC}") = "APIApp.UWP", "APIApp\APIApp.UWP\APIApp.UWP.csproj", "{BD0B2CAE-2685-47FC-899E-4E7E010E327E}"
EndProject
Project("{FAE04EC0-301F-11D3-BF4B-00C04F79EFBC}") = "APIApp", "APIApp\APIApp\APIApp.csproj", "{46AF1524-7D79-4FD4-B5F9-C302F0087219}"
EndProject
Global
	GlobalSection(SolutionConfigurationPlatforms) = preSolution
		Ad-Hoc|Any CPU = Ad-Hoc|Any CPU
		Ad-Hoc|ARM = Ad-Hoc|ARM
		Ad-Hoc|iPhone = Ad-Hoc|iPhone
		Ad-Hoc|iPhoneSimulator = Ad-Hoc|iPhoneSimulator
		Ad-Hoc|x64 = Ad-Hoc|x64
		Ad-Hoc|x86 = Ad-Hoc|x86
		AppStore|Any CPU = AppStore|Any CPU
		AppStore|ARM = AppStore|ARM
		AppStore|iPhone = AppStore|iPhone
		AppStore|iPhoneSimulator = AppStore|iPhoneSimulator
		AppStore|x64 = AppStore|x64
		AppStore|x86 = AppStore|x86
		Debug|Any CPU = Debug|Any CPU
		Debug|ARM = Debug|ARM
		Debug|iPhone = Debug|iPhone
		Debug|iPhoneSimulator = Debug|iPhoneSimulator
		Debug|x64 = Debug|x64
		Debug|x86 = Debug|x86
		Release|Any CPU = Release|Any CPU
		Release|ARM = Release|ARM
		Release|iPhone = Release|iPhone
		Release|iPhoneSimulator = Release|iPhoneSimulator
		Release|x64 = Release|x64
		Release|x86 = Release|x86
	EndGlobalSection
	GlobalSection(ProjectConfigurationPlatforms) = postSolution
		{78357950-690D-45A3-A28B-13CFEB0F0ACC}.Ad-Hoc|Any CPU.ActiveCfg = Release|Any CPU
		{78357950-690D-45A3-A28B-13CFEB0F0ACC}.Ad-Hoc|Any CPU.Build.0 = Release|Any CPU
		{78357950-690D-45A3-A28B-13CFEB0F0ACC}.Ad-Hoc|Any CPU.Deploy.0 = Release|Any CPU
		{78357950-690D-45A3-A28B-13CFEB0F0ACC}.Ad-Hoc|ARM.ActiveCfg = Release|Any CPU
		{78357950-690D-45A3-A28B-13CFEB0F0ACC}.Ad-Hoc|ARM.Build.0 = Release|Any CPU
		{78357950-690D-45A3-A28B-13CFEB0F0ACC}.Ad-Hoc|ARM.Deploy.0 = Release|Any CPU
		{78357950-690D-45A3-A28B-13CFEB0F0ACC}.Ad-Hoc|iPhone.ActiveCfg = Release|Any CPU
		{78357950-690D-45A3-A28B-13CFEB0F0ACC}.Ad-Hoc|iPhone.Build.0 = Release|Any CPU
		{78357950-690D-45A3-A28B-13CFEB0F0ACC}.Ad-Hoc|iPhone.Deploy.0 = Release|Any CPU
		{78357950-690D-45A3-A28B-13CFEB0F0ACC}.Ad-Hoc|iPhoneSimulator.ActiveCfg = Release|Any CPU
		{78357950-690D-45A3-A28B-13CFEB0F0ACC}.Ad-Hoc|iPhoneSimulator.Build.0 = Release|Any CPU
		{78357950-690D-45A3-A28B-13CFEB0F0ACC}.Ad-Hoc|iPhoneSimulator.Deploy.0 = Release|Any CPU
		{78357950-690D-45A3-A28B-13CFEB0F0ACC}.Ad-Hoc|x64.ActiveCfg = Release|Any CPU
		{78357950-690D-45A3-A28B-13CFEB0F0ACC}.Ad-Hoc|x64.Build.0 = Release|Any CPU
		{78357950-690D-45A3-A28B-13CFEB0F0ACC}.Ad-Hoc|x64.Deploy.0 = Release|Any CPU
		{78357950-690D-45A3-A28B-13CFEB0F0ACC}.Ad-Hoc|x86.ActiveCfg = Release|Any CPU
		{78357950-690D-45A3-A28B-13CFEB0F0ACC}.Ad-Hoc|x86.Build.0 = Release|Any CPU
		{78357950-690D-45A3-A28B-13CFEB0F0ACC}.Ad-Hoc|x86.Deploy.0 = Release|Any CPU
		{78357950-690D-45A3-A28B-13CFEB0F0ACC}.AppStore|Any CPU.ActiveCfg = Release|Any CPU
		{78357950-690D-45A3-A28B-13CFEB0F0ACC}.AppStore|Any CPU.Build.0 = Release|Any CPU
		{78357950-690D-45A3-A28B-13CFEB0F0ACC}.AppStore|Any CPU.Deploy.0 = Release|Any CPU
		{78357950-690D-45A3-A28B-13CFEB0F0ACC}.AppStore|ARM.ActiveCfg = Release|Any CPU
		{78357950-690D-45A3-A28B-13CFEB0F0ACC}.AppStore|ARM.Build.0 = Release|Any CPU
		{78357950-690D-45A3-A28B-13CFEB0F0ACC}.AppStore|ARM.Deploy.0 = Release|Any CPU
		{78357950-690D-45A3-A28B-13CFEB0F0ACC}.AppStore|iPhone.ActiveCfg = Release|Any CPU
		{78357950-690D-45A3-A28B-13CFEB0F0ACC}.AppStore|iPhone.Build.0 = Release|Any CPU
		{78357950-690D-45A3-A28B-13CFEB0F0ACC}.AppStore|iPhone.Deploy.0 = Release|Any CPU
		{78357950-690D-45A3-A28B-13CFEB0F0ACC}.AppStore|iPhoneSimulator.ActiveCfg = Release|Any CPU
		{78357950-690D-45A3-A28B-13CFEB0F0ACC}.AppStore|iPhoneSimulator.Build.0 = Release|Any CPU
		{78357950-690D-45A3-A28B-13CFEB0F0ACC}.AppStore|iPhoneSimulator.Deploy.0 = Release|Any CPU
		{78357950-690D-45A3-A28B-13CFEB0F0ACC}.AppStore|x64.ActiveCfg = Release|Any CPU
		{78357950-690D-45A3-A28B-13CFEB0F0ACC}.AppStore|x64.Build.0 = Release|Any CPU
		{78357950-690D-45A3-A28B-13CFEB0F0ACC}.AppStore|x64.Deploy.0 = Release|Any CPU
		{78357950-690D-45A3-A28B-13CFEB0F0ACC}.AppStore|x86.ActiveCfg = Release|Any CPU
		{78357950-690D-45A3-A28B-13CFEB0F0ACC}.AppStore|x86.Build.0 = Release|Any CPU
		{78357950-690D-45A3-A28B-13CFEB0F0ACC}.AppStore|x86.Deploy.0 = Release|Any CPU
		{78357950-690D-45A3-A28B-13CFEB0F0ACC}.Debug|Any CPU.ActiveCfg = Debug|Any CPU
		{78357950-690D-45A3-A28B-13CFEB0F0ACC}.Debug|Any CPU.Build.0 = Debug|Any CPU
		{78357950-690D-45A3-A28B-13CFEB0F0ACC}.Debug|Any CPU.Deploy.0 = Debug|Any CPU
		{78357950-690D-45A3-A28B-13CFEB0F0ACC}.Debug|ARM.ActiveCfg = Debug|Any CPU
		{78357950-690D-45A3-A28B-13CFEB0F0ACC}.Debug|ARM.Build.0 = Debug|Any CPU
		{78357950-690D-45A3-A28B-13CFEB0F0ACC}.Debug|ARM.Deploy.0 = Debug|Any CPU
		{78357950-690D-45A3-A28B-13CFEB0F0ACC}.Debug|iPhone.ActiveCfg = Debug|Any CPU
		{78357950-690D-45A3-A28B-13CFEB0F0ACC}.Debug|iPhone.Build.0 = Debug|Any CPU
		{78357950-690D-45A3-A28B-13CFEB0F0ACC}.Debug|iPhone.Deploy.0 = Debug|Any CPU
		{78357950-690D-45A3-A28B-13CFEB0F0ACC}.Debug|iPhoneSimulator.ActiveCfg = Debug|Any CPU
		{78357950-690D-45A3-A28B-13CFEB0F0ACC}.Debug|iPhoneSimulator.Build.0 = Debug|Any CPU
		{78357950-690D-45A3-A28B-13CFEB0F0ACC}.Debug|iPhoneSimulator.Deploy.0 = Debug|Any CPU
		{78357950-690D-45A3-A28B-13CFEB0F0ACC}.Debug|x64.ActiveCfg = Debug|Any CPU
		{78357950-690D-45A3-A28B-13CFEB0F0ACC}.Debug|x64.Build.0 = Debug|Any CPU
		{78357950-690D-45A3-A28B-13CFEB0F0ACC}.Debug|x64.Deploy.0 = Debug|Any CPU
		{78357950-690D-45A3-A28B-13CFEB0F0ACC}.Debug|x86.ActiveCfg = Debug|Any CPU
		{78357950-690D-45A3-A28B-13CFEB0F0ACC}.Debug|x86.Build.0 = Debug|Any CPU
		{78357950-690D-45A3-A28B-13CFEB0F0ACC}.Debug|x86.Deploy.0 = Debug|Any CPU
		{78357950-690D-45A3-A28B-13CFEB0F0ACC}.Release|Any CPU.ActiveCfg = Release|Any CPU
		{78357950-690D-45A3-A28B-13CFEB0F0ACC}.Release|Any CPU.Build.0 = Release|Any CPU
		{78357950-690D-45A3-A28B-13CFEB0F0ACC}.Release|Any CPU.Deploy.0 = Release|Any CPU
		{78357950-690D-45A3-A28B-13CFEB0F0ACC}.Release|ARM.ActiveCfg = Release|Any CPU
		{78357950-690D-45A3-A28B-13CFEB0F0ACC}.Release|ARM.Build.0 = Release|Any CPU
		{78357950-690D-45A3-A28B-13CFEB0F0ACC}.Release|ARM.Deploy.0 = Release|Any CPU
		{78357950-690D-45A3-A28B-13CFEB0F0ACC}.Release|iPhone.ActiveCfg = Release|Any CPU
		{78357950-690D-45A3-A28B-13CFEB0F0ACC}.Release|iPhone.Build.0 = Release|Any CPU
		{78357950-690D-45A3-A28B-13CFEB0F0ACC}.Release|iPhone.Deploy.0 = Release|Any CPU
		{78357950-690D-45A3-A28B-13CFEB0F0ACC}.Release|iPhoneSimulator.ActiveCfg = Release|Any CPU
		{78357950-690D-45A3-A28B-13CFEB0F0ACC}.Release|iPhoneSimulator.Build.0 = Release|Any CPU
		{78357950-690D-45A3-A28B-13CFEB0F0ACC}.Release|iPhoneSimulator.Deploy.0 = Release|Any CPU
		{78357950-690D-45A3-A28B-13CFEB0F0ACC}.Release|x64.ActiveCfg = Release|Any CPU
		{78357950-690D-45A3-A28B-13CFEB0F0ACC}.Release|x64.Build.0 = Release|Any CPU
		{78357950-690D-45A3-A28B-13CFEB0F0ACC}.Release|x64.Deploy.0 = Release|Any CPU
		{78357950-690D-45A3-A28B-13CFEB0F0ACC}.Release|x86.ActiveCfg = Release|Any CPU
		{78357950-690D-45A3-A28B-13CFEB0F0ACC}.Release|x86.Build.0 = Release|Any CPU
		{78357950-690D-45A3-A28B-13CFEB0F0ACC}.Release|x86.Deploy.0 = Release|Any CPU
		{92AC92C3-6A2E-431B-80B4-0FCC037BD27B}.Ad-Hoc|Any CPU.ActiveCfg = Ad-Hoc|iPhone
		{92AC92C3-6A2E-431B-80B4-0FCC037BD27B}.Ad-Hoc|Any CPU.Build.0 = Ad-Hoc|iPhone
		{92AC92C3-6A2E-431B-80B4-0FCC037BD27B}.Ad-Hoc|Any CPU.Deploy.0 = Ad-Hoc|iPhone
		{92AC92C3-6A2E-431B-80B4-0FCC037BD27B}.Ad-Hoc|ARM.ActiveCfg = Ad-Hoc|iPhone
		{92AC92C3-6A2E-431B-80B4-0FCC037BD27B}.Ad-Hoc|ARM.Build.0 = Ad-Hoc|iPhone
		{92AC92C3-6A2E-431B-80B4-0FCC037BD27B}.Ad-Hoc|ARM.Deploy.0 = Ad-Hoc|iPhone
		{92AC92C3-6A2E-431B-80B4-0FCC037BD27B}.Ad-Hoc|iPhone.ActiveCfg = Ad-Hoc|iPhone
		{92AC92C3-6A2E-431B-80B4-0FCC037BD27B}.Ad-Hoc|iPhone.Build.0 = Ad-Hoc|iPhone
		{92AC92C3-6A2E-431B-80B4-0FCC037BD27B}.Ad-Hoc|iPhone.Deploy.0 = Ad-Hoc|iPhone
		{92AC92C3-6A2E-431B-80B4-0FCC037BD27B}.Ad-Hoc|iPhoneSimulator.ActiveCfg = Ad-Hoc|iPhoneSimulator
		{92AC92C3-6A2E-431B-80B4-0FCC037BD27B}.Ad-Hoc|iPhoneSimulator.Build.0 = Ad-Hoc|iPhoneSimulator
		{92AC92C3-6A2E-431B-80B4-0FCC037BD27B}.Ad-Hoc|iPhoneSimulator.Deploy.0 = Ad-Hoc|iPhoneSimulator
		{92AC92C3-6A2E-431B-80B4-0FCC037BD27B}.Ad-Hoc|x64.ActiveCfg = Ad-Hoc|iPhone
		{92AC92C3-6A2E-431B-80B4-0FCC037BD27B}.Ad-Hoc|x64.Build.0 = Ad-Hoc|iPhone
		{92AC92C3-6A2E-431B-80B4-0FCC037BD27B}.Ad-Hoc|x64.Deploy.0 = Ad-Hoc|iPhone
		{92AC92C3-6A2E-431B-80B4-0FCC037BD27B}.Ad-Hoc|x86.ActiveCfg = Ad-Hoc|iPhone
		{92AC92C3-6A2E-431B-80B4-0FCC037BD27B}.Ad-Hoc|x86.Build.0 = Ad-Hoc|iPhone
		{92AC92C3-6A2E-431B-80B4-0FCC037BD27B}.Ad-Hoc|x86.Deploy.0 = Ad-Hoc|iPhone
		{92AC92C3-6A2E-431B-80B4-0FCC037BD27B}.AppStore|Any CPU.ActiveCfg = AppStore|iPhone
		{92AC92C3-6A2E-431B-80B4-0FCC037BD27B}.AppStore|Any CPU.Build.0 = AppStore|iPhone
		{92AC92C3-6A2E-431B-80B4-0FCC037BD27B}.AppStore|Any CPU.Deploy.0 = AppStore|iPhone
		{92AC92C3-6A2E-431B-80B4-0FCC037BD27B}.AppStore|ARM.ActiveCfg = AppStore|iPhone
		{92AC92C3-6A2E-431B-80B4-0FCC037BD27B}.AppStore|ARM.Build.0 = AppStore|iPhone
		{92AC92C3-6A2E-431B-80B4-0FCC037BD27B}.AppStore|ARM.Deploy.0 = AppStore|iPhone
		{92AC92C3-6A2E-431B-80B4-0FCC037BD27B}.AppStore|iPhone.ActiveCfg = AppStore|iPhone
		{92AC92C3-6A2E-431B-80B4-0FCC037BD27B}.AppStore|iPhone.Build.0 = AppStore|iPhone
		{92AC92C3-6A2E-431B-80B4-0FCC037BD27B}.AppStore|iPhone.Deploy.0 = AppStore|iPhone
		{92AC92C3-6A2E-431B-80B4-0FCC037BD27B}.AppStore|iPhoneSimulator.ActiveCfg = AppStore|iPhoneSimulator
		{92AC92C3-6A2E-431B-80B4-0FCC037BD27B}.AppStore|iPhoneSimulator.Build.0 = AppStore|iPhoneSimulator
		{92AC92C3-6A2E-431B-80B4-0FCC037BD27B}.AppStore|iPhoneSimulator.Deploy.0 = AppStore|iPhoneSimulator
		{92AC92C3-6A2E-431B-80B4-0FCC037BD27B}.AppStore|x64.ActiveCfg = AppStore|iPhone
		{92AC92C3-6A2E-431B-80B4-0FCC037BD27B}.AppStore|x64.Build.0 = AppStore|iPhone
		{92AC92C3-6A2E-431B-80B4-0FCC037BD27B}.AppStore|x64.Deploy.0 = AppStore|iPhone
		{92AC92C3-6A2E-431B-80B4-0FCC037BD27B}.AppStore|x86.ActiveCfg = AppStore|iPhone
		{92AC92C3-6A2E-431B-80B4-0FCC037BD27B}.AppStore|x86.Build.0 = AppStore|iPhone
		{92AC92C3-6A2E-431B-80B4-0FCC037BD27B}.AppStore|x86.Deploy.0 = AppStore|iPhone
		{92AC92C3-6A2E-431B-80B4-0FCC037BD27B}.Debug|Any CPU.ActiveCfg = Debug|iPhoneSimulator
		{92AC92C3-6A2E-431B-80B4-0FCC037BD27B}.Debug|Any CPU.Build.0 = Debug|iPhoneSimulator
		{92AC92C3-6A2E-431B-80B4-0FCC037BD27B}.Debug|Any CPU.Deploy.0 = Debug|iPhoneSimulator
		{92AC92C3-6A2E-431B-80B4-0FCC037BD27B}.Debug|ARM.ActiveCfg = Debug|iPhone
		{92AC92C3-6A2E-431B-80B4-0FCC037BD27B}.Debug|ARM.Build.0 = Debug|iPhone
		{92AC92C3-6A2E-431B-80B4-0FCC037BD27B}.Debug|ARM.Deploy.0 = Debug|iPhone
		{92AC92C3-6A2E-431B-80B4-0FCC037BD27B}.Debug|iPhone.ActiveCfg = Debug|iPhone
		{92AC92C3-6A2E-431B-80B4-0FCC037BD27B}.Debug|iPhone.Build.0 = Debug|iPhone
		{92AC92C3-6A2E-431B-80B4-0FCC037BD27B}.Debug|iPhone.Deploy.0 = Debug|iPhone
		{92AC92C3-6A2E-431B-80B4-0FCC037BD27B}.Debug|iPhoneSimulator.ActiveCfg = Debug|iPhoneSimulator
		{92AC92C3-6A2E-431B-80B4-0FCC037BD27B}.Debug|iPhoneSimulator.Build.0 = Debug|iPhoneSimulator
		{92AC92C3-6A2E-431B-80B4-0FCC037BD27B}.Debug|iPhoneSimulator.Deploy.0 = Debug|iPhoneSimulator
		{92AC92C3-6A2E-431B-80B4-0FCC037BD27B}.Debug|x64.ActiveCfg = Debug|iPhone
		{92AC92C3-6A2E-431B-80B4-0FCC037BD27B}.Debug|x64.Build.0 = Debug|iPhone
		{92AC92C3-6A2E-431B-80B4-0FCC037BD27B}.Debug|x64.Deploy.0 = Debug|iPhone
		{92AC92C3-6A2E-431B-80B4-0FCC037BD27B}.Debug|x86.ActiveCfg = Debug|iPhone
		{92AC92C3-6A2E-431B-80B4-0FCC037BD27B}.Debug|x86.Build.0 = Debug|iPhone
		{92AC92C3-6A2E-431B-80B4-0FCC037BD27B}.Debug|x86.Deploy.0 = Debug|iPhone
		{92AC92C3-6A2E-431B-80B4-0FCC037BD27B}.Release|Any CPU.ActiveCfg = Release|iPhone
		{92AC92C3-6A2E-431B-80B4-0FCC037BD27B}.Release|Any CPU.Build.0 = Release|iPhone
		{92AC92C3-6A2E-431B-80B4-0FCC037BD27B}.Release|Any CPU.Deploy.0 = Release|iPhone
		{92AC92C3-6A2E-431B-80B4-0FCC037BD27B}.Release|ARM.ActiveCfg = Release|iPhone
		{92AC92C3-6A2E-431B-80B4-0FCC037BD27B}.Release|ARM.Build.0 = Release|iPhone
		{92AC92C3-6A2E-431B-80B4-0FCC037BD27B}.Release|ARM.Deploy.0 = Release|iPhone
		{92AC92C3-6A2E-431B-80B4-0FCC037BD27B}.Release|iPhone.ActiveCfg = Release|iPhone
		{92AC92C3-6A2E-431B-80B4-0FCC037BD27B}.Release|iPhone.Build.0 = Release|iPhone
		{92AC92C3-6A2E-431B-80B4-0FCC037BD27B}.Release|iPhone.Deploy.0 = Release|iPhone
		{92AC92C3-6A2E-431B-80B4-0FCC037BD27B}.Release|iPhoneSimulator.ActiveCfg = Release|iPhoneSimulator
		{92AC92C3-6A2E-431B-80B4-0FCC037BD27B}.Release|iPhoneSimulator.Build.0 = Release|iPhoneSimulator
		{92AC92C3-6A2E-431B-80B4-0FCC037BD27B}.Release|iPhoneSimulator.Deploy.0 = Release|iPhoneSimulator
		{92AC92C3-6A2E-431B-80B4-0FCC037BD27B}.Release|x64.ActiveCfg = Release|iPhone
		{92AC92C3-6A2E-431B-80B4-0FCC037BD27B}.Release|x64.Build.0 = Release|iPhone
		{92AC92C3-6A2E-431B-80B4-0FCC037BD27B}.Release|x64.Deploy.0 = Release|iPhone
		{92AC92C3-6A2E-431B-80B4-0FCC037BD27B}.Release|x86.ActiveCfg = Release|iPhone
		{92AC92C3-6A2E-431B-80B4-0FCC037BD27B}.Release|x86.Build.0 = Release|iPhone
		{92AC92C3-6A2E-431B-80B4-0FCC037BD27B}.Release|x86.Deploy.0 = Release|iPhone
		{BD0B2CAE-2685-47FC-899E-4E7E010E327E}.Ad-Hoc|Any CPU.ActiveCfg = Release|x86
		{BD0B2CAE-2685-47FC-899E-4E7E010E327E}.Ad-Hoc|Any CPU.Build.0 = Release|x86
		{BD0B2CAE-2685-47FC-899E-4E7E010E327E}.Ad-Hoc|Any CPU.Deploy.0 = Release|x86
		{BD0B2CAE-2685-47FC-899E-4E7E010E327E}.Ad-Hoc|ARM.ActiveCfg = Release|ARM
		{BD0B2CAE-2685-47FC-899E-4E7E010E327E}.Ad-Hoc|ARM.Build.0 = Release|ARM
		{BD0B2CAE-2685-47FC-899E-4E7E010E327E}.Ad-Hoc|ARM.Deploy.0 = Release|ARM
		{BD0B2CAE-2685-47FC-899E-4E7E010E327E}.Ad-Hoc|iPhone.ActiveCfg = Release|x86
		{BD0B2CAE-2685-47FC-899E-4E7E010E327E}.Ad-Hoc|iPhone.Build.0 = Release|x86
		{BD0B2CAE-2685-47FC-899E-4E7E010E327E}.Ad-Hoc|iPhone.Deploy.0 = Release|x86
		{BD0B2CAE-2685-47FC-899E-4E7E010E327E}.Ad-Hoc|iPhoneSimulator.ActiveCfg = Release|x86
		{BD0B2CAE-2685-47FC-899E-4E7E010E327E}.Ad-Hoc|iPhoneSimulator.Build.0 = Release|x86
		{BD0B2CAE-2685-47FC-899E-4E7E010E327E}.Ad-Hoc|iPhoneSimulator.Deploy.0 = Release|x86
		{BD0B2CAE-2685-47FC-899E-4E7E010E327E}.Ad-Hoc|x64.ActiveCfg = Release|x64
		{BD0B2CAE-2685-47FC-899E-4E7E010E327E}.Ad-Hoc|x64.Build.0 = Release|x64
		{BD0B2CAE-2685-47FC-899E-4E7E010E327E}.Ad-Hoc|x64.Deploy.0 = Release|x64
		{BD0B2CAE-2685-47FC-899E-4E7E010E327E}.Ad-Hoc|x86.ActiveCfg = Release|x86
		{BD0B2CAE-2685-47FC-899E-4E7E010E327E}.Ad-Hoc|x86.Build.0 = Release|x86
		{BD0B2CAE-2685-47FC-899E-4E7E010E327E}.Ad-Hoc|x86.Deploy.0 = Release|x86
		{BD0B2CAE-2685-47FC-899E-4E7E010E327E}.AppStore|Any CPU.ActiveCfg = Release|x86
		{BD0B2CAE-2685-47FC-899E-4E7E010E327E}.AppStore|Any CPU.Build.0 = Release|x86
		{BD0B2CAE-2685-47FC-899E-4E7E010E327E}.AppStore|Any CPU.Deploy.0 = Release|x86
		{BD0B2CAE-2685-47FC-899E-4E7E010E327E}.AppStore|ARM.ActiveCfg = Release|ARM
		{BD0B2CAE-2685-47FC-899E-4E7E010E327E}.AppStore|ARM.Build.0 = Release|ARM
		{BD0B2CAE-2685-47FC-899E-4E7E010E327E}.AppStore|ARM.Deploy.0 = Release|ARM
		{BD0B2CAE-2685-47FC-899E-4E7E010E327E}.AppStore|iPhone.ActiveCfg = Release|x86
		{BD0B2CAE-2685-47FC-899E-4E7E010E327E}.AppStore|iPhone.Build.0 = Release|x86
		{BD0B2CAE-2685-47FC-899E-4E7E010E327E}.AppStore|iPhone.Deploy.0 = Release|x86
		{BD0B2CAE-2685-47FC-899E-4E7E010E327E}.AppStore|iPhoneSimulator.ActiveCfg = Release|x86
		{BD0B2CAE-2685-47FC-899E-4E7E010E327E}.AppStore|iPhoneSimulator.Build.0 = Release|x86
		{BD0B2CAE-2685-47FC-899E-4E7E010E327E}.AppStore|iPhoneSimulator.Deploy.0 = Release|x86
		{BD0B2CAE-2685-47FC-899E-4E7E010E327E}.AppStore|x64.ActiveCfg = Release|x64
		{BD0B2CAE-2685-47FC-899E-4E7E010E327E}.AppStore|x64.Build.0 = Release|x64
		{BD0B2CAE-2685-47FC-899E-4E7E010E327E}.AppStore|x64.Deploy.0 = Release|x64
		{BD0B2CAE-2685-47FC-899E-4E7E010E327E}.AppStore|x86.ActiveCfg = Release|x86
		{BD0B2CAE-2685-47FC-899E-4E7E010E327E}.AppStore|x86.Build.0 = Release|x86
		{BD0B2CAE-2685-47FC-899E-4E7E010E327E}.AppStore|x86.Deploy.0 = Release|x86
		{BD0B2CAE-2685-47FC-899E-4E7E010E327E}.Debug|Any CPU.ActiveCfg = Debug|x86
		{BD0B2CAE-2685-47FC-899E-4E7E010E327E}.Debug|Any CPU.Build.0 = Debug|x86
		{BD0B2CAE-2685-47FC-899E-4E7E010E327E}.Debug|Any CPU.Deploy.0 = Debug|x86
		{BD0B2CAE-2685-47FC-899E-4E7E010E327E}.Debug|ARM.ActiveCfg = Debug|ARM
		{BD0B2CAE-2685-47FC-899E-4E7E010E327E}.Debug|ARM.Build.0 = Debug|ARM
		{BD0B2CAE-2685-47FC-899E-4E7E010E327E}.Debug|ARM.Deploy.0 = Debug|ARM
		{BD0B2CAE-2685-47FC-899E-4E7E010E327E}.Debug|iPhone.ActiveCfg = Debug|x86
		{BD0B2CAE-2685-47FC-899E-4E7E010E327E}.Debug|iPhone.Build.0 = Debug|x86
		{BD0B2CAE-2685-47FC-899E-4E7E010E327E}.Debug|iPhone.Deploy.0 = Debug|x86
		{BD0B2CAE-2685-47FC-899E-4E7E010E327E}.Debug|iPhoneSimulator.ActiveCfg = Debug|x86
		{BD0B2CAE-2685-47FC-899E-4E7E010E327E}.Debug|iPhoneSimulator.Build.0 = Debug|x86
		{BD0B2CAE-2685-47FC-899E-4E7E010E327E}.Debug|iPhoneSimulator.Deploy.0 = Debug|x86
		{BD0B2CAE-2685-47FC-899E-4E7E010E327E}.Debug|x64.ActiveCfg = Debug|x64
		{BD0B2CAE-2685-47FC-899E-4E7E010E327E}.Debug|x64.Build.0 = Debug|x64
		{BD0B2CAE-2685-47FC-899E-4E7E010E327E}.Debug|x64.Deploy.0 = Debug|x64
		{BD0B2CAE-2685-47FC-899E-4E7E010E327E}.Debug|x86.ActiveCfg = Debug|x86
		{BD0B2CAE-2685-47FC-899E-4E7E010E327E}.Debug|x86.Build.0 = Debug|x86
		{BD0B2CAE-2685-47FC-899E-4E7E010E327E}.Debug|x86.Deploy.0 = Debug|x86
		{BD0B2CAE-2685-47FC-899E-4E7E010E327E}.Release|Any CPU.ActiveCfg = Release|x86
		{BD0B2CAE-2685-47FC-899E-4E7E010E327E}.Release|Any CPU.Build.0 = Release|x86
		{BD0B2CAE-2685-47FC-899E-4E7E010E327E}.Release|Any CPU.Deploy.0 = Release|x86
		{BD0B2CAE-2685-47FC-899E-4E7E010E327E}.Release|ARM.ActiveCfg = Release|ARM
		{BD0B2CAE-2685-47FC-899E-4E7E010E327E}.Release|ARM.Build.0 = Release|ARM
		{BD0B2CAE-2685-47FC-899E-4E7E010E327E}.Release|ARM.Deploy.0 = Release|ARM
		{BD0B2CAE-2685-47FC-899E-4E7E010E327E}.Release|iPhone.ActiveCfg = Release|x86
		{BD0B2CAE-2685-47FC-899E-4E7E010E327E}.Release|iPhone.Build.0 = Release|x86
		{BD0B2CAE-2685-47FC-899E-4E7E010E327E}.Release|iPhone.Deploy.0 = Release|x86
		{BD0B2CAE-2685-47FC-899E-4E7E010E327E}.Release|iPhoneSimulator.ActiveCfg = Release|x86
		{BD0B2CAE-2685-47FC-899E-4E7E010E327E}.Release|iPhoneSimulator.Build.0 = Release|x86
		{BD0B2CAE-2685-47FC-899E-4E7E010E327E}.Release|iPhoneSimulator.Deploy.0 = Release|x86
		{BD0B2CAE-2685-47FC-899E-4E7E010E327E}.Release|x64.ActiveCfg = Release|x64
		{BD0B2CAE-2685-47FC-899E-4E7E010E327E}.Release|x64.Build.0 = Release|x64
		{BD0B2CAE-2685-47FC-899E-4E7E010E327E}.Release|x64.Deploy.0 = Release|x64
		{BD0B2CAE-2685-47FC-899E-4E7E010E327E}.Release|x86.ActiveCfg = Release|x86
		{BD0B2CAE-2685-47FC-899E-4E7E010E327E}.Release|x86.Build.0 = Release|x86
		{BD0B2CAE-2685-47FC-899E-4E7E010E327E}.Release|x86.Deploy.0 = Release|x86
		{46AF1524-7D79-4FD4-B5F9-C302F0087219}.Ad-Hoc|Any CPU.ActiveCfg = Debug|Any CPU
		{46AF1524-7D79-4FD4-B5F9-C302F0087219}.Ad-Hoc|Any CPU.Build.0 = Debug|Any CPU
		{46AF1524-7D79-4FD4-B5F9-C302F0087219}.Ad-Hoc|Any CPU.Deploy.0 = Debug|Any CPU
		{46AF1524-7D79-4FD4-B5F9-C302F0087219}.Ad-Hoc|ARM.ActiveCfg = Debug|Any CPU
		{46AF1524-7D79-4FD4-B5F9-C302F0087219}.Ad-Hoc|ARM.Build.0 = Debug|Any CPU
		{46AF1524-7D79-4FD4-B5F9-C302F0087219}.Ad-Hoc|ARM.Deploy.0 = Debug|Any CPU
		{46AF1524-7D79-4FD4-B5F9-C302F0087219}.Ad-Hoc|iPhone.ActiveCfg = Debug|Any CPU
		{46AF1524-7D79-4FD4-B5F9-C302F0087219}.Ad-Hoc|iPhone.Build.0 = Debug|Any CPU
		{46AF1524-7D79-4FD4-B5F9-C302F0087219}.Ad-Hoc|iPhone.Deploy.0 = Debug|Any CPU
		{46AF1524-7D79-4FD4-B5F9-C302F0087219}.Ad-Hoc|iPhoneSimulator.ActiveCfg = Debug|Any CPU
		{46AF1524-7D79-4FD4-B5F9-C302F0087219}.Ad-Hoc|iPhoneSimulator.Build.0 = Debug|Any CPU
		{46AF1524-7D79-4FD4-B5F9-C302F0087219}.Ad-Hoc|iPhoneSimulator.Deploy.0 = Debug|Any CPU
		{46AF1524-7D79-4FD4-B5F9-C302F0087219}.Ad-Hoc|x64.ActiveCfg = Debug|Any CPU
		{46AF1524-7D79-4FD4-B5F9-C302F0087219}.Ad-Hoc|x64.Build.0 = Debug|Any CPU
		{46AF1524-7D79-4FD4-B5F9-C302F0087219}.Ad-Hoc|x64.Deploy.0 = Debug|Any CPU
		{46AF1524-7D79-4FD4-B5F9-C302F0087219}.Ad-Hoc|x86.ActiveCfg = Debug|Any CPU
		{46AF1524-7D79-4FD4-B5F9-C302F0087219}.Ad-Hoc|x86.Build.0 = Debug|Any CPU
		{46AF1524-7D79-4FD4-B5F9-C302F0087219}.Ad-Hoc|x86.Deploy.0 = Debug|Any CPU
		{46AF1524-7D79-4FD4-B5F9-C302F0087219}.AppStore|Any CPU.ActiveCfg = Debug|Any CPU
		{46AF1524-7D79-4FD4-B5F9-C302F0087219}.AppStore|Any CPU.Build.0 = Debug|Any CPU
		{46AF1524-7D79-4FD4-B5F9-C302F0087219}.AppStore|Any CPU.Deploy.0 = Debug|Any CPU
		{46AF1524-7D79-4FD4-B5F9-C302F0087219}.AppStore|ARM.ActiveCfg = Debug|Any CPU
		{46AF1524-7D79-4FD4-B5F9-C302F0087219}.AppStore|ARM.Build.0 = Debug|Any CPU
		{46AF1524-7D79-4FD4-B5F9-C302F0087219}.AppStore|ARM.Deploy.0 = Debug|Any CPU
		{46AF1524-7D79-4FD4-B5F9-C302F0087219}.AppStore|iPhone.ActiveCfg = Debug|Any CPU
		{46AF1524-7D79-4FD4-B5F9-C302F0087219}.AppStore|iPhone.Build.0 = Debug|Any CPU
		{46AF1524-7D79-4FD4-B5F9-C302F0087219}.AppStore|iPhone.Deploy.0 = Debug|Any CPU
		{46AF1524-7D79-4FD4-B5F9-C302F0087219}.AppStore|iPhoneSimulator.ActiveCfg = Debug|Any CPU
		{46AF1524-7D79-4FD4-B5F9-C302F0087219}.AppStore|iPhoneSimulator.Build.0 = Debug|Any CPU
		{46AF1524-7D79-4FD4-B5F9-C302F0087219}.AppStore|iPhoneSimulator.Deploy.0 = Debug|Any CPU
		{46AF1524-7D79-4FD4-B5F9-C302F0087219}.AppStore|x64.ActiveCfg = Debug|Any CPU
		{46AF1524-7D79-4FD4-B5F9-C302F0087219}.AppStore|x64.Build.0 = Debug|Any CPU
		{46AF1524-7D79-4FD4-B5F9-C302F0087219}.AppStore|x64.Deploy.0 = Debug|Any CPU
		{46AF1524-7D79-4FD4-B5F9-C302F0087219}.AppStore|x86.ActiveCfg = Debug|Any CPU
		{46AF1524-7D79-4FD4-B5F9-C302F0087219}.AppStore|x86.Build.0 = Debug|Any CPU
		{46AF1524-7D79-4FD4-B5F9-C302F0087219}.AppStore|x86.Deploy.0 = Debug|Any CPU
		{46AF1524-7D79-4FD4-B5F9-C302F0087219}.Debug|Any CPU.ActiveCfg = Debug|Any CPU
		{46AF1524-7D79-4FD4-B5F9-C302F0087219}.Debug|Any CPU.Build.0 = Debug|Any CPU
		{46AF1524-7D79-4FD4-B5F9-C302F0087219}.Debug|Any CPU.Deploy.0 = Debug|Any CPU
		{46AF1524-7D79-4FD4-B5F9-C302F0087219}.Debug|ARM.ActiveCfg = Debug|Any CPU
		{46AF1524-7D79-4FD4-B5F9-C302F0087219}.Debug|ARM.Build.0 = Debug|Any CPU
		{46AF1524-7D79-4FD4-B5F9-C302F0087219}.Debug|ARM.Deploy.0 = Debug|Any CPU
		{46AF1524-7D79-4FD4-B5F9-C302F0087219}.Debug|iPhone.ActiveCfg = Debug|Any CPU
		{46AF1524-7D79-4FD4-B5F9-C302F0087219}.Debug|iPhone.Build.0 = Debug|Any CPU
		{46AF1524-7D79-4FD4-B5F9-C302F0087219}.Debug|iPhone.Deploy.0 = Debug|Any CPU
		{46AF1524-7D79-4FD4-B5F9-C302F0087219}.Debug|iPhoneSimulator.ActiveCfg = Debug|Any CPU
		{46AF1524-7D79-4FD4-B5F9-C302F0087219}.Debug|iPhoneSimulator.Build.0 = Debug|Any CPU
		{46AF1524-7D79-4FD4-B5F9-C302F0087219}.Debug|iPhoneSimulator.Deploy.0 = Debug|Any CPU
		{46AF1524-7D79-4FD4-B5F9-C302F0087219}.Debug|x64.ActiveCfg = Debug|Any CPU
		{46AF1524-7D79-4FD4-B5F9-C302F0087219}.Debug|x64.Build.0 = Debug|Any CPU
		{46AF1524-7D79-4FD4-B5F9-C302F0087219}.Debug|x64.Deploy.0 = Debug|Any CPU
		{46AF1524-7D79-4FD4-B5F9-C302F0087219}.Debug|x86.ActiveCfg = Debug|Any CPU
		{46AF1524-7D79-4FD4-B5F9-C302F0087219}.Debug|x86.Build.0 = Debug|Any CPU
		{46AF1524-7D79-4FD4-B5F9-C302F0087219}.Debug|x86.Deploy.0 = Debug|Any CPU
		{46AF1524-7D79-4FD4-B5F9-C302F0087219}.Release|Any CPU.ActiveCfg = Release|Any CPU
		{46AF1524-7D79-4FD4-B5F9-C302F0087219}.Release|Any CPU.Build.0 = Release|Any CPU
		{46AF1524-7D79-4FD4-B5F9-C302F0087219}.Release|Any CPU.Deploy.0 = Release|Any CPU
		{46AF1524-7D79-4FD4-B5F9-C302F0087219}.Release|ARM.ActiveCfg = Release|Any CPU
		{46AF1524-7D79-4FD4-B5F9-C302F0087219}.Release|ARM.Build.0 = Release|Any CPU
		{46AF1524-7D79-4FD4-B5F9-C302F0087219}.Release|ARM.Deploy.0 = Release|Any CPU
		{46AF1524-7D79-4FD4-B5F9-C302F0087219}.Release|iPhone.ActiveCfg = Release|Any CPU
		{46AF1524-7D79-4FD4-B5F9-C302F0087219}.Release|iPhone.Build.0 = Release|Any CPU
		{46AF1524-7D79-4FD4-B5F9-C302F0087219}.Release|iPhone.Deploy.0 = Release|Any CPU
		{46AF1524-7D79-4FD4-B5F9-C302F0087219}.Release|iPhoneSimulator.ActiveCfg = Release|Any CPU
		{46AF1524-7D79-4FD4-B5F9-C302F0087219}.Release|iPhoneSimulator.Build.0 = Release|Any CPU
		{46AF1524-7D79-4FD4-B5F9-C302F0087219}.Release|iPhoneSimulator.Deploy.0 = Release|Any CPU
		{46AF1524-7D79-4FD4-B5F9-C302F0087219}.Release|x64.ActiveCfg = Release|Any CPU
		{46AF1524-7D79-4FD4-B5F9-C302F0087219}.Release|x64.Build.0 = Release|Any CPU
		{46AF1524-7D79-4FD4-B5F9-C302F0087219}.Release|x64.Deploy.0 = Release|Any CPU
		{46AF1524-7D79-4FD4-B5F9-C302F0087219}.Release|x86.ActiveCfg = Release|Any CPU
		{46AF1524-7D79-4FD4-B5F9-C302F0087219}.Release|x86.Build.0 = Release|Any CPU
		{46AF1524-7D79-4FD4-B5F9-C302F0087219}.Release|x86.Deploy.0 = Release|Any CPU
	EndGlobalSection
	GlobalSection(SolutionProperties) = preSolution
		HideSolutionNode = FALSE
	EndGlobalSection
	GlobalSection(ExtensibilityGlobals) = postSolution
		SolutionGuid = {9EA8FE44-512B-41BF-856A-853343D3C3E5}
	EndGlobalSection
EndGlobal
